// !$*UTF8*$!
{
	archiveVersion = 1;
	classes = {
	};
	objectVersion = 56;
	objects = {

/* Begin PBXBuildFile section */
		3F139EAF2BD7F72000C064D7 /* GoogleService-Info.plist in Resources */ = {isa = PBXBuildFile; fileRef = 3F139EAE2BD7F72000C064D7 /* GoogleService-Info.plist */; };
		3F139EB32BD8106400C064D7 /* FirebaseAnalytics in Frameworks */ = {isa = PBXBuildFile; productRef = 3F139EB22BD8106400C064D7 /* FirebaseAnalytics */; };
		3F139EB52BD8106400C064D7 /* FirebaseAnalyticsOnDeviceConversion in Frameworks */ = {isa = PBXBuildFile; productRef = 3F139EB42BD8106400C064D7 /* FirebaseAnalyticsOnDeviceConversion */; };
		3F139EB72BD8106400C064D7 /* FirebaseAnalyticsSwift in Frameworks */ = {isa = PBXBuildFile; productRef = 3F139EB62BD8106400C064D7 /* FirebaseAnalyticsSwift */; };
		3F139EB92BD8106400C064D7 /* FirebaseAnalyticsWithoutAdIdSupport in Frameworks */ = {isa = PBXBuildFile; productRef = 3F139EB82BD8106400C064D7 /* FirebaseAnalyticsWithoutAdIdSupport */; };
		3F139EBB2BD8106400C064D7 /* FirebaseAppCheck in Frameworks */ = {isa = PBXBuildFile; productRef = 3F139EBA2BD8106400C064D7 /* FirebaseAppCheck */; };
		3F139EBD2BD8106400C064D7 /* FirebaseAppDistribution-Beta in Frameworks */ = {isa = PBXBuildFile; productRef = 3F139EBC2BD8106400C064D7 /* FirebaseAppDistribution-Beta */; };
		3F139EBF2BD8106400C064D7 /* FirebaseAuth in Frameworks */ = {isa = PBXBuildFile; productRef = 3F139EBE2BD8106400C064D7 /* FirebaseAuth */; };
		3F139EC12BD8106400C064D7 /* FirebaseAuthCombine-Community in Frameworks */ = {isa = PBXBuildFile; productRef = 3F139EC02BD8106400C064D7 /* FirebaseAuthCombine-Community */; };
		3F139EC32BD8106400C064D7 /* FirebaseCrashlytics in Frameworks */ = {isa = PBXBuildFile; productRef = 3F139EC22BD8106400C064D7 /* FirebaseCrashlytics */; };
		3F139EC52BD8106400C064D7 /* FirebaseDatabase in Frameworks */ = {isa = PBXBuildFile; productRef = 3F139EC42BD8106400C064D7 /* FirebaseDatabase */; };
		3F139EC72BD8106400C064D7 /* FirebaseDatabaseSwift in Frameworks */ = {isa = PBXBuildFile; productRef = 3F139EC62BD8106400C064D7 /* FirebaseDatabaseSwift */; };
		3F139EC92BD8106400C064D7 /* FirebaseDynamicLinks in Frameworks */ = {isa = PBXBuildFile; productRef = 3F139EC82BD8106400C064D7 /* FirebaseDynamicLinks */; };
		3F139ECB2BD8106400C064D7 /* FirebaseFirestore in Frameworks */ = {isa = PBXBuildFile; productRef = 3F139ECA2BD8106400C064D7 /* FirebaseFirestore */; };
		3F139ECD2BD8106400C064D7 /* FirebaseFirestoreCombine-Community in Frameworks */ = {isa = PBXBuildFile; productRef = 3F139ECC2BD8106400C064D7 /* FirebaseFirestoreCombine-Community */; };
		3F139ECF2BD8106400C064D7 /* FirebaseFirestoreSwift in Frameworks */ = {isa = PBXBuildFile; productRef = 3F139ECE2BD8106400C064D7 /* FirebaseFirestoreSwift */; };
		3F139ED12BD8106400C064D7 /* FirebaseFunctions in Frameworks */ = {isa = PBXBuildFile; productRef = 3F139ED02BD8106400C064D7 /* FirebaseFunctions */; };
		3F139ED32BD8106400C064D7 /* FirebaseFunctionsCombine-Community in Frameworks */ = {isa = PBXBuildFile; productRef = 3F139ED22BD8106400C064D7 /* FirebaseFunctionsCombine-Community */; };
		3F139ED52BD8106400C064D7 /* FirebaseInAppMessaging-Beta in Frameworks */ = {isa = PBXBuildFile; productRef = 3F139ED42BD8106400C064D7 /* FirebaseInAppMessaging-Beta */; };
		3F139ED72BD8106400C064D7 /* FirebaseInAppMessagingSwift-Beta in Frameworks */ = {isa = PBXBuildFile; productRef = 3F139ED62BD8106400C064D7 /* FirebaseInAppMessagingSwift-Beta */; };
		3F139ED92BD8106400C064D7 /* FirebaseInstallations in Frameworks */ = {isa = PBXBuildFile; productRef = 3F139ED82BD8106400C064D7 /* FirebaseInstallations */; };
		3F139EDB2BD8106400C064D7 /* FirebaseMLModelDownloader in Frameworks */ = {isa = PBXBuildFile; productRef = 3F139EDA2BD8106400C064D7 /* FirebaseMLModelDownloader */; };
		3F139EDD2BD8106400C064D7 /* FirebaseMessaging in Frameworks */ = {isa = PBXBuildFile; productRef = 3F139EDC2BD8106400C064D7 /* FirebaseMessaging */; };
		3F139EDF2BD8106400C064D7 /* FirebasePerformance in Frameworks */ = {isa = PBXBuildFile; productRef = 3F139EDE2BD8106400C064D7 /* FirebasePerformance */; };
		3F139EE12BD8106400C064D7 /* FirebaseRemoteConfig in Frameworks */ = {isa = PBXBuildFile; productRef = 3F139EE02BD8106400C064D7 /* FirebaseRemoteConfig */; };
		3F139EE32BD8106400C064D7 /* FirebaseRemoteConfigSwift in Frameworks */ = {isa = PBXBuildFile; productRef = 3F139EE22BD8106400C064D7 /* FirebaseRemoteConfigSwift */; };
		3F139EE52BD8106400C064D7 /* FirebaseStorage in Frameworks */ = {isa = PBXBuildFile; productRef = 3F139EE42BD8106400C064D7 /* FirebaseStorage */; };
		3F139EE72BD8106400C064D7 /* FirebaseStorageCombine-Community in Frameworks */ = {isa = PBXBuildFile; productRef = 3F139EE62BD8106400C064D7 /* FirebaseStorageCombine-Community */; };
		3F139EEB2BD814DC00C064D7 /* DatabaseManager.swift in Sources */ = {isa = PBXBuildFile; fileRef = 3F139EEA2BD814DC00C064D7 /* DatabaseManager.swift */; };
		3F139EED2BD8163C00C064D7 /* AuthManager.swift in Sources */ = {isa = PBXBuildFile; fileRef = 3F139EEC2BD8163C00C064D7 /* AuthManager.swift */; };
		3F139EEF2BD8169D00C064D7 /* StorageManager.swift in Sources */ = {isa = PBXBuildFile; fileRef = 3F139EEE2BD8169D00C064D7 /* StorageManager.swift */; };
		3F139EF12BD8222600C064D7 /* LogInFromVideoViewController.swift in Sources */ = {isa = PBXBuildFile; fileRef = 3F139EF02BD8222600C064D7 /* LogInFromVideoViewController.swift */; };
		3F139EF32BD8233E00C064D7 /* Extensions.swift in Sources */ = {isa = PBXBuildFile; fileRef = 3F139EF22BD8233E00C064D7 /* Extensions.swift */; };
		3F2EF8E72BD6BA52008E5EA9 /* HomeViewController.swift in Sources */ = {isa = PBXBuildFile; fileRef = 3F2EF8E62BD6BA52008E5EA9 /* HomeViewController.swift */; };
		3F2EF8E92BD6BCF8008E5EA9 /* LoginViewController.swift in Sources */ = {isa = PBXBuildFile; fileRef = 3F2EF8E82BD6BCF8008E5EA9 /* LoginViewController.swift */; };
		3F2EF8EB2BD6BEBA008E5EA9 /* MessagesViewController.swift in Sources */ = {isa = PBXBuildFile; fileRef = 3F2EF8EA2BD6BEBA008E5EA9 /* MessagesViewController.swift */; };
		3F2EF8ED2BD6BEC9008E5EA9 /* NotificationsViewController.swift in Sources */ = {isa = PBXBuildFile; fileRef = 3F2EF8EC2BD6BEC9008E5EA9 /* NotificationsViewController.swift */; };
		3F2EF8EF2BD6BEDA008E5EA9 /* RequestsViewController.swift in Sources */ = {isa = PBXBuildFile; fileRef = 3F2EF8EE2BD6BEDA008E5EA9 /* RequestsViewController.swift */; };
		3F2EF8F12BD6BEE8008E5EA9 /* ProfileViewController.swift in Sources */ = {isa = PBXBuildFile; fileRef = 3F2EF8F02BD6BEE8008E5EA9 /* ProfileViewController.swift */; };
		3F2EF8F62BD6C3E2008E5EA9 /* RegistrationViewController.swift in Sources */ = {isa = PBXBuildFile; fileRef = 3F2EF8F52BD6C3E2008E5EA9 /* RegistrationViewController.swift */; };
		3F2EF8F82BD6C453008E5EA9 /* PostViewController.swift in Sources */ = {isa = PBXBuildFile; fileRef = 3F2EF8F72BD6C453008E5EA9 /* PostViewController.swift */; };
		3F2EF8FA2BD6C464008E5EA9 /* EditProfileViewController.swift in Sources */ = {isa = PBXBuildFile; fileRef = 3F2EF8F92BD6C464008E5EA9 /* EditProfileViewController.swift */; };
		3F2EF8FC2BD6C4A8008E5EA9 /* SettingsViewController.swift in Sources */ = {isa = PBXBuildFile; fileRef = 3F2EF8FB2BD6C4A8008E5EA9 /* SettingsViewController.swift */; };
		3F2EF8FE2BD6C4CE008E5EA9 /* ListViewController.swift in Sources */ = {isa = PBXBuildFile; fileRef = 3F2EF8FD2BD6C4CE008E5EA9 /* ListViewController.swift */; };
		3F2EF9002BD6C4F3008E5EA9 /* SearchViewController.swift in Sources */ = {isa = PBXBuildFile; fileRef = 3F2EF8FF2BD6C4F3008E5EA9 /* SearchViewController.swift */; };
		3F2EF9022BD6C516008E5EA9 /* SearchResultViewController.swift in Sources */ = {isa = PBXBuildFile; fileRef = 3F2EF9012BD6C516008E5EA9 /* SearchResultViewController.swift */; };
		3F2EF9042BD6C57C008E5EA9 /* PostEditorViewController.swift in Sources */ = {isa = PBXBuildFile; fileRef = 3F2EF9032BD6C57C008E5EA9 /* PostEditorViewController.swift */; };
		3F2EF9062BD6C5A5008E5EA9 /* PublishPostViewController.swift in Sources */ = {isa = PBXBuildFile; fileRef = 3F2EF9052BD6C5A5008E5EA9 /* PublishPostViewController.swift */; };
		3F48BB802BDA6B0D004ADC33 /* User.swift in Sources */ = {isa = PBXBuildFile; fileRef = 3F48BB7F2BDA6B0D004ADC33 /* User.swift */; };
		3F48BB8A2BDA7010004ADC33 /* CommunityMessage.swift in Sources */ = {isa = PBXBuildFile; fileRef = 3F48BB892BDA7010004ADC33 /* CommunityMessage.swift */; };
		3F48BB8C2BDA7053004ADC33 /* Community.swift in Sources */ = {isa = PBXBuildFile; fileRef = 3F48BB8B2BDA7053004ADC33 /* Community.swift */; };
		3F48BB8E2BDA70C7004ADC33 /* AddPost.swift in Sources */ = {isa = PBXBuildFile; fileRef = 3F48BB8D2BDA70C7004ADC33 /* AddPost.swift */; };
		3F48BB902BDA70D7004ADC33 /* AddCommunity.swift in Sources */ = {isa = PBXBuildFile; fileRef = 3F48BB8F2BDA70D7004ADC33 /* AddCommunity.swift */; };
		3F48BB922BDA70EE004ADC33 /* MemberRequest.swift in Sources */ = {isa = PBXBuildFile; fileRef = 3F48BB912BDA70EE004ADC33 /* MemberRequest.swift */; };
		3F48BB942BDA70FA004ADC33 /* UploadRequest.swift in Sources */ = {isa = PBXBuildFile; fileRef = 3F48BB932BDA70FA004ADC33 /* UploadRequest.swift */; };
		3F48BB962BDA712B004ADC33 /* Admin.swift in Sources */ = {isa = PBXBuildFile; fileRef = 3F48BB952BDA712B004ADC33 /* Admin.swift */; };
		3F57DFCE2BE0FAEF003D5051 /* Post.swift in Sources */ = {isa = PBXBuildFile; fileRef = 3F57DFCD2BE0FAEF003D5051 /* Post.swift */; };
		3F83BAB92BCF8C9900A9DBD2 /* AppDelegate.swift in Sources */ = {isa = PBXBuildFile; fileRef = 3F83BAB82BCF8C9900A9DBD2 /* AppDelegate.swift */; };
		3F83BABB2BCF8C9900A9DBD2 /* SceneDelegate.swift in Sources */ = {isa = PBXBuildFile; fileRef = 3F83BABA2BCF8C9900A9DBD2 /* SceneDelegate.swift */; };
		3F83BAC02BCF8C9900A9DBD2 /* Base in Resources */ = {isa = PBXBuildFile; fileRef = 3F83BABF2BCF8C9900A9DBD2 /* Base */; };
		3F83BAC22BCF8C9A00A9DBD2 /* Assets.xcassets in Resources */ = {isa = PBXBuildFile; fileRef = 3F83BAC12BCF8C9A00A9DBD2 /* Assets.xcassets */; };
		3F83BAC52BCF8C9A00A9DBD2 /* Base in Resources */ = {isa = PBXBuildFile; fileRef = 3F83BAC42BCF8C9A00A9DBD2 /* Base */; };
		3F9CB8B92BD0472A002D2355 /* LightGrayPlaceholderTextField.swift in Sources */ = {isa = PBXBuildFile; fileRef = 3F9CB8B82BD0472A002D2355 /* LightGrayPlaceholderTextField.swift */; };
		3FA6D8342BE1529E00E4764A /* PostListView.swift in Sources */ = {isa = PBXBuildFile; fileRef = 3FA6D8332BE1529E00E4764A /* PostListView.swift */; };
		3FA6D83E2BE1610200E4764A /* PostCardBody.swift in Sources */ = {isa = PBXBuildFile; fileRef = 3FA6D83D2BE1610200E4764A /* PostCardBody.swift */; };
		3FA6D8402BE1613B00E4764A /* PostCard.swift in Sources */ = {isa = PBXBuildFile; fileRef = 3FA6D83F2BE1613B00E4764A /* PostCard.swift */; };
		3FA6D8422BE1614900E4764A /* PostCardHeader.swift in Sources */ = {isa = PBXBuildFile; fileRef = 3FA6D8412BE1614900E4764A /* PostCardHeader.swift */; };
		3FA6D84E2BE24AF000E4764A /* PostHeaderViewController.swift in Sources */ = {isa = PBXBuildFile; fileRef = 3FA6D84D2BE24AF000E4764A /* PostHeaderViewController.swift */; };
/* End PBXBuildFile section */

/* Begin PBXFileReference section */
		3F139EAE2BD7F72000C064D7 /* GoogleService-Info.plist */ = {isa = PBXFileReference; fileEncoding = 4; lastKnownFileType = text.plist.xml; path = "GoogleService-Info.plist"; sourceTree = "<group>"; };
		3F139EEA2BD814DC00C064D7 /* DatabaseManager.swift */ = {isa = PBXFileReference; lastKnownFileType = sourcecode.swift; path = DatabaseManager.swift; sourceTree = "<group>"; };
		3F139EEC2BD8163C00C064D7 /* AuthManager.swift */ = {isa = PBXFileReference; lastKnownFileType = sourcecode.swift; path = AuthManager.swift; sourceTree = "<group>"; };
		3F139EEE2BD8169D00C064D7 /* StorageManager.swift */ = {isa = PBXFileReference; lastKnownFileType = sourcecode.swift; path = StorageManager.swift; sourceTree = "<group>"; };
		3F139EF02BD8222600C064D7 /* LogInFromVideoViewController.swift */ = {isa = PBXFileReference; lastKnownFileType = sourcecode.swift; path = LogInFromVideoViewController.swift; sourceTree = "<group>"; };
		3F139EF22BD8233E00C064D7 /* Extensions.swift */ = {isa = PBXFileReference; lastKnownFileType = sourcecode.swift; path = Extensions.swift; sourceTree = "<group>"; };
		3F2EF8E62BD6BA52008E5EA9 /* HomeViewController.swift */ = {isa = PBXFileReference; lastKnownFileType = sourcecode.swift; path = HomeViewController.swift; sourceTree = "<group>"; };
		3F2EF8E82BD6BCF8008E5EA9 /* LoginViewController.swift */ = {isa = PBXFileReference; lastKnownFileType = sourcecode.swift; path = LoginViewController.swift; sourceTree = "<group>"; };
		3F2EF8EA2BD6BEBA008E5EA9 /* MessagesViewController.swift */ = {isa = PBXFileReference; lastKnownFileType = sourcecode.swift; path = MessagesViewController.swift; sourceTree = "<group>"; };
		3F2EF8EC2BD6BEC9008E5EA9 /* NotificationsViewController.swift */ = {isa = PBXFileReference; lastKnownFileType = sourcecode.swift; path = NotificationsViewController.swift; sourceTree = "<group>"; };
		3F2EF8EE2BD6BEDA008E5EA9 /* RequestsViewController.swift */ = {isa = PBXFileReference; lastKnownFileType = sourcecode.swift; path = RequestsViewController.swift; sourceTree = "<group>"; };
		3F2EF8F02BD6BEE8008E5EA9 /* ProfileViewController.swift */ = {isa = PBXFileReference; lastKnownFileType = sourcecode.swift; path = ProfileViewController.swift; sourceTree = "<group>"; };
		3F2EF8F52BD6C3E2008E5EA9 /* RegistrationViewController.swift */ = {isa = PBXFileReference; lastKnownFileType = sourcecode.swift; path = RegistrationViewController.swift; sourceTree = "<group>"; };
		3F2EF8F72BD6C453008E5EA9 /* PostViewController.swift */ = {isa = PBXFileReference; lastKnownFileType = sourcecode.swift; path = PostViewController.swift; sourceTree = "<group>"; };
		3F2EF8F92BD6C464008E5EA9 /* EditProfileViewController.swift */ = {isa = PBXFileReference; lastKnownFileType = sourcecode.swift; path = EditProfileViewController.swift; sourceTree = "<group>"; };
		3F2EF8FB2BD6C4A8008E5EA9 /* SettingsViewController.swift */ = {isa = PBXFileReference; lastKnownFileType = sourcecode.swift; path = SettingsViewController.swift; sourceTree = "<group>"; };
		3F2EF8FD2BD6C4CE008E5EA9 /* ListViewController.swift */ = {isa = PBXFileReference; lastKnownFileType = sourcecode.swift; path = ListViewController.swift; sourceTree = "<group>"; };
		3F2EF8FF2BD6C4F3008E5EA9 /* SearchViewController.swift */ = {isa = PBXFileReference; lastKnownFileType = sourcecode.swift; path = SearchViewController.swift; sourceTree = "<group>"; };
		3F2EF9012BD6C516008E5EA9 /* SearchResultViewController.swift */ = {isa = PBXFileReference; lastKnownFileType = sourcecode.swift; path = SearchResultViewController.swift; sourceTree = "<group>"; };
		3F2EF9032BD6C57C008E5EA9 /* PostEditorViewController.swift */ = {isa = PBXFileReference; lastKnownFileType = sourcecode.swift; path = PostEditorViewController.swift; sourceTree = "<group>"; };
		3F2EF9052BD6C5A5008E5EA9 /* PublishPostViewController.swift */ = {isa = PBXFileReference; lastKnownFileType = sourcecode.swift; path = PublishPostViewController.swift; sourceTree = "<group>"; };
		3F48BB7F2BDA6B0D004ADC33 /* User.swift */ = {isa = PBXFileReference; lastKnownFileType = sourcecode.swift; path = User.swift; sourceTree = "<group>"; };
		3F48BB892BDA7010004ADC33 /* CommunityMessage.swift */ = {isa = PBXFileReference; lastKnownFileType = sourcecode.swift; path = CommunityMessage.swift; sourceTree = "<group>"; };
		3F48BB8B2BDA7053004ADC33 /* Community.swift */ = {isa = PBXFileReference; lastKnownFileType = sourcecode.swift; path = Community.swift; sourceTree = "<group>"; };
		3F48BB8D2BDA70C7004ADC33 /* AddPost.swift */ = {isa = PBXFileReference; lastKnownFileType = sourcecode.swift; path = AddPost.swift; sourceTree = "<group>"; };
		3F48BB8F2BDA70D7004ADC33 /* AddCommunity.swift */ = {isa = PBXFileReference; lastKnownFileType = sourcecode.swift; path = AddCommunity.swift; sourceTree = "<group>"; };
		3F48BB912BDA70EE004ADC33 /* MemberRequest.swift */ = {isa = PBXFileReference; lastKnownFileType = sourcecode.swift; path = MemberRequest.swift; sourceTree = "<group>"; };
		3F48BB932BDA70FA004ADC33 /* UploadRequest.swift */ = {isa = PBXFileReference; lastKnownFileType = sourcecode.swift; path = UploadRequest.swift; sourceTree = "<group>"; };
		3F48BB952BDA712B004ADC33 /* Admin.swift */ = {isa = PBXFileReference; lastKnownFileType = sourcecode.swift; path = Admin.swift; sourceTree = "<group>"; };
		3F57DFCD2BE0FAEF003D5051 /* Post.swift */ = {isa = PBXFileReference; lastKnownFileType = sourcecode.swift; path = Post.swift; sourceTree = "<group>"; };
		3F83BAB52BCF8C9900A9DBD2 /* UConnect.app */ = {isa = PBXFileReference; explicitFileType = wrapper.application; includeInIndex = 0; path = UConnect.app; sourceTree = BUILT_PRODUCTS_DIR; };
		3F83BAB82BCF8C9900A9DBD2 /* AppDelegate.swift */ = {isa = PBXFileReference; lastKnownFileType = sourcecode.swift; path = AppDelegate.swift; sourceTree = "<group>"; };
		3F83BABA2BCF8C9900A9DBD2 /* SceneDelegate.swift */ = {isa = PBXFileReference; lastKnownFileType = sourcecode.swift; path = SceneDelegate.swift; sourceTree = "<group>"; };
		3F83BABF2BCF8C9900A9DBD2 /* Base */ = {isa = PBXFileReference; lastKnownFileType = file.storyboard; name = Base; path = Base.lproj/Main.storyboard; sourceTree = "<group>"; };
		3F83BAC12BCF8C9A00A9DBD2 /* Assets.xcassets */ = {isa = PBXFileReference; lastKnownFileType = folder.assetcatalog; path = Assets.xcassets; sourceTree = "<group>"; };
		3F83BAC42BCF8C9A00A9DBD2 /* Base */ = {isa = PBXFileReference; lastKnownFileType = file.storyboard; name = Base; path = Base.lproj/LaunchScreen.storyboard; sourceTree = "<group>"; };
		3F83BAC62BCF8C9A00A9DBD2 /* Info.plist */ = {isa = PBXFileReference; lastKnownFileType = text.plist.xml; path = Info.plist; sourceTree = "<group>"; };
		3F9CB8B82BD0472A002D2355 /* LightGrayPlaceholderTextField.swift */ = {isa = PBXFileReference; lastKnownFileType = sourcecode.swift; path = LightGrayPlaceholderTextField.swift; sourceTree = "<group>"; };
		3FA6D8332BE1529E00E4764A /* PostListView.swift */ = {isa = PBXFileReference; lastKnownFileType = sourcecode.swift; path = PostListView.swift; sourceTree = "<group>"; };
		3FA6D83D2BE1610200E4764A /* PostCardBody.swift */ = {isa = PBXFileReference; lastKnownFileType = sourcecode.swift; path = PostCardBody.swift; sourceTree = "<group>"; };
		3FA6D83F2BE1613B00E4764A /* PostCard.swift */ = {isa = PBXFileReference; lastKnownFileType = sourcecode.swift; path = PostCard.swift; sourceTree = "<group>"; };
		3FA6D8412BE1614900E4764A /* PostCardHeader.swift */ = {isa = PBXFileReference; lastKnownFileType = sourcecode.swift; path = PostCardHeader.swift; sourceTree = "<group>"; };
		3FA6D8492BE225FD00E4764A /* posts.json */ = {isa = PBXFileReference; lastKnownFileType = text.json; path = posts.json; sourceTree = "<group>"; };
		3FA6D84D2BE24AF000E4764A /* PostHeaderViewController.swift */ = {isa = PBXFileReference; lastKnownFileType = sourcecode.swift; path = PostHeaderViewController.swift; sourceTree = "<group>"; };
/* End PBXFileReference section */

/* Begin PBXFrameworksBuildPhase section */
		3F83BAB22BCF8C9900A9DBD2 /* Frameworks */ = {
			isa = PBXFrameworksBuildPhase;
			buildActionMask = 2147483647;
			files = (
				3F139EC52BD8106400C064D7 /* FirebaseDatabase in Frameworks */,
				3F139ED32BD8106400C064D7 /* FirebaseFunctionsCombine-Community in Frameworks */,
				3F139ECB2BD8106400C064D7 /* FirebaseFirestore in Frameworks */,
				3F139EB72BD8106400C064D7 /* FirebaseAnalyticsSwift in Frameworks */,
				3F139EB32BD8106400C064D7 /* FirebaseAnalytics in Frameworks */,
				3F139EB52BD8106400C064D7 /* FirebaseAnalyticsOnDeviceConversion in Frameworks */,
				3F139EDB2BD8106400C064D7 /* FirebaseMLModelDownloader in Frameworks */,
				3F139ECF2BD8106400C064D7 /* FirebaseFirestoreSwift in Frameworks */,
				3F139EBB2BD8106400C064D7 /* FirebaseAppCheck in Frameworks */,
				3F139EB92BD8106400C064D7 /* FirebaseAnalyticsWithoutAdIdSupport in Frameworks */,
				3F139EBF2BD8106400C064D7 /* FirebaseAuth in Frameworks */,
				3F139EC32BD8106400C064D7 /* FirebaseCrashlytics in Frameworks */,
				3F139EE32BD8106400C064D7 /* FirebaseRemoteConfigSwift in Frameworks */,
				3F139ED52BD8106400C064D7 /* FirebaseInAppMessaging-Beta in Frameworks */,
				3F139EC72BD8106400C064D7 /* FirebaseDatabaseSwift in Frameworks */,
				3F139ED12BD8106400C064D7 /* FirebaseFunctions in Frameworks */,
				3F139EE72BD8106400C064D7 /* FirebaseStorageCombine-Community in Frameworks */,
				3F139EE12BD8106400C064D7 /* FirebaseRemoteConfig in Frameworks */,
				3F139EBD2BD8106400C064D7 /* FirebaseAppDistribution-Beta in Frameworks */,
				3F139EC12BD8106400C064D7 /* FirebaseAuthCombine-Community in Frameworks */,
				3F139EDF2BD8106400C064D7 /* FirebasePerformance in Frameworks */,
				3F139ED72BD8106400C064D7 /* FirebaseInAppMessagingSwift-Beta in Frameworks */,
				3F139EE52BD8106400C064D7 /* FirebaseStorage in Frameworks */,
				3F139EC92BD8106400C064D7 /* FirebaseDynamicLinks in Frameworks */,
				3F139ECD2BD8106400C064D7 /* FirebaseFirestoreCombine-Community in Frameworks */,
				3F139EDD2BD8106400C064D7 /* FirebaseMessaging in Frameworks */,
				3F139ED92BD8106400C064D7 /* FirebaseInstallations in Frameworks */,
			);
			runOnlyForDeploymentPostprocessing = 0;
		};
/* End PBXFrameworksBuildPhase section */

/* Begin PBXGroup section */
		3F139EE92BD813E700C064D7 /* General */ = {
			isa = PBXGroup;
			children = (
				3F2EF8F72BD6C453008E5EA9 /* PostViewController.swift */,
				3F2EF8F92BD6C464008E5EA9 /* EditProfileViewController.swift */,
				3F2EF8FB2BD6C4A8008E5EA9 /* SettingsViewController.swift */,
				3F2EF8FD2BD6C4CE008E5EA9 /* ListViewController.swift */,
				3F2EF8FF2BD6C4F3008E5EA9 /* SearchViewController.swift */,
				3F2EF9012BD6C516008E5EA9 /* SearchResultViewController.swift */,
				3F2EF9032BD6C57C008E5EA9 /* PostEditorViewController.swift */,
				3F2EF9052BD6C5A5008E5EA9 /* PublishPostViewController.swift */,
			);
			path = General;
			sourceTree = "<group>";
		};
		3F1BA4642BE0CC3900F3C746 /* Tab files */ = {
			isa = PBXGroup;
			children = (
				3F1BA4692BE0CC7B00F3C746 /* Profile */,
				3F1BA4682BE0CC7200F3C746 /* Requests */,
				3F1BA4672BE0CC5D00F3C746 /* Notifications */,
				3F1BA4662BE0CC5300F3C746 /* Messages */,
				3F1BA4652BE0CC4800F3C746 /* Home */,
			);
			path = "Tab files";
			sourceTree = "<group>";
		};
		3F1BA4652BE0CC4800F3C746 /* Home */ = {
			isa = PBXGroup;
			children = (
				3FA6D84C2BE249ED00E4764A /* ComponentsViewController */,
				3FA6D8322BE1526900E4764A /* Components */,
			);
			path = Home;
			sourceTree = "<group>";
		};
		3F1BA4662BE0CC5300F3C746 /* Messages */ = {
			isa = PBXGroup;
			children = (
			);
			path = Messages;
			sourceTree = "<group>";
		};
		3F1BA4672BE0CC5D00F3C746 /* Notifications */ = {
			isa = PBXGroup;
			children = (
			);
			path = Notifications;
			sourceTree = "<group>";
		};
		3F1BA4682BE0CC7200F3C746 /* Requests */ = {
			isa = PBXGroup;
			children = (
			);
			path = Requests;
			sourceTree = "<group>";
		};
		3F1BA4692BE0CC7B00F3C746 /* Profile */ = {
			isa = PBXGroup;
			children = (
			);
			path = Profile;
			sourceTree = "<group>";
		};
		3F2EF8E02BD6B72F008E5EA9 /* Models */ = {
			isa = PBXGroup;
			children = (
				3F48BB7F2BDA6B0D004ADC33 /* User.swift */,
				3F48BB892BDA7010004ADC33 /* CommunityMessage.swift */,
				3F48BB8B2BDA7053004ADC33 /* Community.swift */,
				3F48BB8D2BDA70C7004ADC33 /* AddPost.swift */,
				3F48BB8F2BDA70D7004ADC33 /* AddCommunity.swift */,
				3FA6D8492BE225FD00E4764A /* posts.json */,
				3F48BB912BDA70EE004ADC33 /* MemberRequest.swift */,
				3F48BB932BDA70FA004ADC33 /* UploadRequest.swift */,
				3F48BB952BDA712B004ADC33 /* Admin.swift */,
				3F57DFCD2BE0FAEF003D5051 /* Post.swift */,
			);
			path = Models;
			sourceTree = "<group>";
		};
		3F2EF8E12BD6B738008E5EA9 /* Views */ = {
			isa = PBXGroup;
			children = (
				3F2EF8E52BD6B850008E5EA9 /* Storyboards */,
				3F83BAC12BCF8C9A00A9DBD2 /* Assets.xcassets */,
			);
			path = Views;
			sourceTree = "<group>";
		};
		3F2EF8E22BD6B73F008E5EA9 /* Controllers */ = {
			isa = PBXGroup;
			children = (
				3F1BA4642BE0CC3900F3C746 /* Tab files */,
				3F2EF8F32BD6C391008E5EA9 /* Other */,
				3F2EF8F22BD6BF03008E5EA9 /* Core Tabs */,
			);
			path = Controllers;
			sourceTree = "<group>";
		};
		3F2EF8E32BD6B76E008E5EA9 /* Style files */ = {
			isa = PBXGroup;
			children = (
				3F9CB8B82BD0472A002D2355 /* LightGrayPlaceholderTextField.swift */,
			);
			path = "Style files";
			sourceTree = "<group>";
		};
		3F2EF8E42BD6B7C1008E5EA9 /* Resources */ = {
			isa = PBXGroup;
			children = (
				3F139EAE2BD7F72000C064D7 /* GoogleService-Info.plist */,
				3F83BAB82BCF8C9900A9DBD2 /* AppDelegate.swift */,
				3F83BABA2BCF8C9900A9DBD2 /* SceneDelegate.swift */,
				3F139EEA2BD814DC00C064D7 /* DatabaseManager.swift */,
				3F139EEC2BD8163C00C064D7 /* AuthManager.swift */,
				3F139EEE2BD8169D00C064D7 /* StorageManager.swift */,
				3F139EF22BD8233E00C064D7 /* Extensions.swift */,
			);
			path = Resources;
			sourceTree = "<group>";
		};
		3F2EF8E52BD6B850008E5EA9 /* Storyboards */ = {
			isa = PBXGroup;
			children = (
				3F83BAC32BCF8C9A00A9DBD2 /* LaunchScreen.storyboard */,
				3F83BABE2BCF8C9900A9DBD2 /* Main.storyboard */,
			);
			path = Storyboards;
			sourceTree = "<group>";
		};
		3F2EF8F22BD6BF03008E5EA9 /* Core Tabs */ = {
			isa = PBXGroup;
			children = (
				3F2EF8E62BD6BA52008E5EA9 /* HomeViewController.swift */,
				3F2EF8EA2BD6BEBA008E5EA9 /* MessagesViewController.swift */,
				3F2EF8EC2BD6BEC9008E5EA9 /* NotificationsViewController.swift */,
				3F2EF8EE2BD6BEDA008E5EA9 /* RequestsViewController.swift */,
				3F2EF8F02BD6BEE8008E5EA9 /* ProfileViewController.swift */,
			);
			path = "Core Tabs";
			sourceTree = "<group>";
		};
		3F2EF8F32BD6C391008E5EA9 /* Other */ = {
			isa = PBXGroup;
			children = (
				3F2EF8F42BD6C3C2008E5EA9 /* Onboarding */,
			);
			path = Other;
			sourceTree = "<group>";
		};
		3F2EF8F42BD6C3C2008E5EA9 /* Onboarding */ = {
			isa = PBXGroup;
			children = (
				3F2EF8E82BD6BCF8008E5EA9 /* LoginViewController.swift */,
				3F2EF8F52BD6C3E2008E5EA9 /* RegistrationViewController.swift */,
				3F139EF02BD8222600C064D7 /* LogInFromVideoViewController.swift */,
				3F139EE92BD813E700C064D7 /* General */,
			);
			path = Onboarding;
			sourceTree = "<group>";
		};
		3F83BAAC2BCF8C9900A9DBD2 = {
			isa = PBXGroup;
			children = (
				3F83BAB72BCF8C9900A9DBD2 /* UConnect */,
				3F83BAB62BCF8C9900A9DBD2 /* Products */,
			);
			sourceTree = "<group>";
		};
		3F83BAB62BCF8C9900A9DBD2 /* Products */ = {
			isa = PBXGroup;
			children = (
				3F83BAB52BCF8C9900A9DBD2 /* UConnect.app */,
			);
			name = Products;
			sourceTree = "<group>";
		};
		3F83BAB72BCF8C9900A9DBD2 /* UConnect */ = {
			isa = PBXGroup;
			children = (
				3F83BAC62BCF8C9A00A9DBD2 /* Info.plist */,
				3F2EF8E42BD6B7C1008E5EA9 /* Resources */,
				3F2EF8E32BD6B76E008E5EA9 /* Style files */,
				3F2EF8E22BD6B73F008E5EA9 /* Controllers */,
				3F2EF8E12BD6B738008E5EA9 /* Views */,
				3F2EF8E02BD6B72F008E5EA9 /* Models */,
			);
			path = UConnect;
			sourceTree = "<group>";
		};
		3FA6D8322BE1526900E4764A /* Components */ = {
			isa = PBXGroup;
			children = (
				3FA6D8332BE1529E00E4764A /* PostListView.swift */,
				3FA6D83D2BE1610200E4764A /* PostCardBody.swift */,
				3FA6D83F2BE1613B00E4764A /* PostCard.swift */,
				3FA6D8412BE1614900E4764A /* PostCardHeader.swift */,
			);
			path = Components;
			sourceTree = "<group>";
		};
		3FA6D84C2BE249ED00E4764A /* ComponentsViewController */ = {
			isa = PBXGroup;
			children = (
				3FA6D84D2BE24AF000E4764A /* PostHeaderViewController.swift */,
			);
			path = ComponentsViewController;
			sourceTree = "<group>";
		};
/* End PBXGroup section */

/* Begin PBXNativeTarget section */
		3F83BAB42BCF8C9900A9DBD2 /* UConnect */ = {
			isa = PBXNativeTarget;
			buildConfigurationList = 3F83BAC92BCF8C9A00A9DBD2 /* Build configuration list for PBXNativeTarget "UConnect" */;
			buildPhases = (
				3F83BAB12BCF8C9900A9DBD2 /* Sources */,
				3F83BAB22BCF8C9900A9DBD2 /* Frameworks */,
				3F83BAB32BCF8C9900A9DBD2 /* Resources */,
			);
			buildRules = (
			);
			dependencies = (
			);
			name = UConnect;
			packageProductDependencies = (
				3F139EB22BD8106400C064D7 /* FirebaseAnalytics */,
				3F139EB42BD8106400C064D7 /* FirebaseAnalyticsOnDeviceConversion */,
				3F139EB62BD8106400C064D7 /* FirebaseAnalyticsSwift */,
				3F139EB82BD8106400C064D7 /* FirebaseAnalyticsWithoutAdIdSupport */,
				3F139EBA2BD8106400C064D7 /* FirebaseAppCheck */,
				3F139EBC2BD8106400C064D7 /* FirebaseAppDistribution-Beta */,
				3F139EBE2BD8106400C064D7 /* FirebaseAuth */,
				3F139EC02BD8106400C064D7 /* FirebaseAuthCombine-Community */,
				3F139EC22BD8106400C064D7 /* FirebaseCrashlytics */,
				3F139EC42BD8106400C064D7 /* FirebaseDatabase */,
				3F139EC62BD8106400C064D7 /* FirebaseDatabaseSwift */,
				3F139EC82BD8106400C064D7 /* FirebaseDynamicLinks */,
				3F139ECA2BD8106400C064D7 /* FirebaseFirestore */,
				3F139ECC2BD8106400C064D7 /* FirebaseFirestoreCombine-Community */,
				3F139ECE2BD8106400C064D7 /* FirebaseFirestoreSwift */,
				3F139ED02BD8106400C064D7 /* FirebaseFunctions */,
				3F139ED22BD8106400C064D7 /* FirebaseFunctionsCombine-Community */,
				3F139ED42BD8106400C064D7 /* FirebaseInAppMessaging-Beta */,
				3F139ED62BD8106400C064D7 /* FirebaseInAppMessagingSwift-Beta */,
				3F139ED82BD8106400C064D7 /* FirebaseInstallations */,
				3F139EDA2BD8106400C064D7 /* FirebaseMLModelDownloader */,
				3F139EDC2BD8106400C064D7 /* FirebaseMessaging */,
				3F139EDE2BD8106400C064D7 /* FirebasePerformance */,
				3F139EE02BD8106400C064D7 /* FirebaseRemoteConfig */,
				3F139EE22BD8106400C064D7 /* FirebaseRemoteConfigSwift */,
				3F139EE42BD8106400C064D7 /* FirebaseStorage */,
				3F139EE62BD8106400C064D7 /* FirebaseStorageCombine-Community */,
			);
			productName = UConnect;
			productReference = 3F83BAB52BCF8C9900A9DBD2 /* UConnect.app */;
			productType = "com.apple.product-type.application";
		};
/* End PBXNativeTarget section */

/* Begin PBXProject section */
		3F83BAAD2BCF8C9900A9DBD2 /* Project object */ = {
			isa = PBXProject;
			attributes = {
				BuildIndependentTargetsInParallel = 1;
				LastSwiftUpdateCheck = 1530;
				LastUpgradeCheck = 1530;
				TargetAttributes = {
					3F83BAB42BCF8C9900A9DBD2 = {
						CreatedOnToolsVersion = 15.3;
					};
				};
			};
			buildConfigurationList = 3F83BAB02BCF8C9900A9DBD2 /* Build configuration list for PBXProject "UConnect" */;
			compatibilityVersion = "Xcode 14.0";
			developmentRegion = en;
			hasScannedForEncodings = 0;
			knownRegions = (
				en,
				Base,
			);
			mainGroup = 3F83BAAC2BCF8C9900A9DBD2;
			packageReferences = (
				3F139EB12BD8106400C064D7 /* XCRemoteSwiftPackageReference "firebase-ios-sdk" */,
			);
			productRefGroup = 3F83BAB62BCF8C9900A9DBD2 /* Products */;
			projectDirPath = "";
			projectRoot = "";
			targets = (
				3F83BAB42BCF8C9900A9DBD2 /* UConnect */,
			);
		};
/* End PBXProject section */

/* Begin PBXResourcesBuildPhase section */
		3F83BAB32BCF8C9900A9DBD2 /* Resources */ = {
			isa = PBXResourcesBuildPhase;
			buildActionMask = 2147483647;
			files = (
				3F83BAC22BCF8C9A00A9DBD2 /* Assets.xcassets in Resources */,
				3F139EAF2BD7F72000C064D7 /* GoogleService-Info.plist in Resources */,
				3F83BAC52BCF8C9A00A9DBD2 /* Base in Resources */,
				3F83BAC02BCF8C9900A9DBD2 /* Base in Resources */,
			);
			runOnlyForDeploymentPostprocessing = 0;
		};
/* End PBXResourcesBuildPhase section */

/* Begin PBXSourcesBuildPhase section */
		3F83BAB12BCF8C9900A9DBD2 /* Sources */ = {
			isa = PBXSourcesBuildPhase;
			buildActionMask = 2147483647;
			files = (
				3F139EF32BD8233E00C064D7 /* Extensions.swift in Sources */,
				3F2EF9002BD6C4F3008E5EA9 /* SearchViewController.swift in Sources */,
				3F2EF8EB2BD6BEBA008E5EA9 /* MessagesViewController.swift in Sources */,
				3F2EF8E92BD6BCF8008E5EA9 /* LoginViewController.swift in Sources */,
				3F139EEF2BD8169D00C064D7 /* StorageManager.swift in Sources */,
				3F2EF8EF2BD6BEDA008E5EA9 /* RequestsViewController.swift in Sources */,
				3F48BB8A2BDA7010004ADC33 /* CommunityMessage.swift in Sources */,
				3F2EF9042BD6C57C008E5EA9 /* PostEditorViewController.swift in Sources */,
				3F9CB8B92BD0472A002D2355 /* LightGrayPlaceholderTextField.swift in Sources */,
				3F2EF8F62BD6C3E2008E5EA9 /* RegistrationViewController.swift in Sources */,
				3F83BAB92BCF8C9900A9DBD2 /* AppDelegate.swift in Sources */,
				3F2EF8FE2BD6C4CE008E5EA9 /* ListViewController.swift in Sources */,
				3F139EED2BD8163C00C064D7 /* AuthManager.swift in Sources */,
				3F83BABB2BCF8C9900A9DBD2 /* SceneDelegate.swift in Sources */,
				3F2EF9062BD6C5A5008E5EA9 /* PublishPostViewController.swift in Sources */,
				3F48BB962BDA712B004ADC33 /* Admin.swift in Sources */,
				3FA6D8342BE1529E00E4764A /* PostListView.swift in Sources */,
				3F2EF8F12BD6BEE8008E5EA9 /* ProfileViewController.swift in Sources */,
				3F48BB942BDA70FA004ADC33 /* UploadRequest.swift in Sources */,
				3F48BB8C2BDA7053004ADC33 /* Community.swift in Sources */,
				3FA6D8422BE1614900E4764A /* PostCardHeader.swift in Sources */,
				3F48BB922BDA70EE004ADC33 /* MemberRequest.swift in Sources */,
				3F2EF8FA2BD6C464008E5EA9 /* EditProfileViewController.swift in Sources */,
				3FA6D83E2BE1610200E4764A /* PostCardBody.swift in Sources */,
				3F57DFCE2BE0FAEF003D5051 /* Post.swift in Sources */,
				3F2EF8E72BD6BA52008E5EA9 /* HomeViewController.swift in Sources */,
				3F48BB8E2BDA70C7004ADC33 /* AddPost.swift in Sources */,
				3F48BB902BDA70D7004ADC33 /* AddCommunity.swift in Sources */,
				3F139EEB2BD814DC00C064D7 /* DatabaseManager.swift in Sources */,
				3FA6D84E2BE24AF000E4764A /* PostHeaderViewController.swift in Sources */,
				3F2EF8FC2BD6C4A8008E5EA9 /* SettingsViewController.swift in Sources */,
				3F139EF12BD8222600C064D7 /* LogInFromVideoViewController.swift in Sources */,
				3F48BB802BDA6B0D004ADC33 /* User.swift in Sources */,
				3F2EF8ED2BD6BEC9008E5EA9 /* NotificationsViewController.swift in Sources */,
				3F2EF9022BD6C516008E5EA9 /* SearchResultViewController.swift in Sources */,
				3F2EF8F82BD6C453008E5EA9 /* PostViewController.swift in Sources */,
				3FA6D8402BE1613B00E4764A /* PostCard.swift in Sources */,
			);
			runOnlyForDeploymentPostprocessing = 0;
		};
/* End PBXSourcesBuildPhase section */

/* Begin PBXVariantGroup section */
		3F83BABE2BCF8C9900A9DBD2 /* Main.storyboard */ = {
			isa = PBXVariantGroup;
			children = (
				3F83BABF2BCF8C9900A9DBD2 /* Base */,
			);
			name = Main.storyboard;
			sourceTree = "<group>";
		};
		3F83BAC32BCF8C9A00A9DBD2 /* LaunchScreen.storyboard */ = {
			isa = PBXVariantGroup;
			children = (
				3F83BAC42BCF8C9A00A9DBD2 /* Base */,
			);
			name = LaunchScreen.storyboard;
			sourceTree = "<group>";
		};
/* End PBXVariantGroup section */

/* Begin XCBuildConfiguration section */
		3F83BAC72BCF8C9A00A9DBD2 /* Debug */ = {
			isa = XCBuildConfiguration;
			buildSettings = {
				ALWAYS_SEARCH_USER_PATHS = NO;
				ASSETCATALOG_COMPILER_GENERATE_SWIFT_ASSET_SYMBOL_EXTENSIONS = YES;
				CLANG_ANALYZER_NONNULL = YES;
				CLANG_ANALYZER_NUMBER_OBJECT_CONVERSION = YES_AGGRESSIVE;
				CLANG_CXX_LANGUAGE_STANDARD = "gnu++20";
				CLANG_ENABLE_MODULES = YES;
				CLANG_ENABLE_OBJC_ARC = YES;
				CLANG_ENABLE_OBJC_WEAK = YES;
				CLANG_WARN_BLOCK_CAPTURE_AUTORELEASING = YES;
				CLANG_WARN_BOOL_CONVERSION = YES;
				CLANG_WARN_COMMA = YES;
				CLANG_WARN_CONSTANT_CONVERSION = YES;
				CLANG_WARN_DEPRECATED_OBJC_IMPLEMENTATIONS = YES;
				CLANG_WARN_DIRECT_OBJC_ISA_USAGE = YES_ERROR;
				CLANG_WARN_DOCUMENTATION_COMMENTS = YES;
				CLANG_WARN_EMPTY_BODY = YES;
				CLANG_WARN_ENUM_CONVERSION = YES;
				CLANG_WARN_INFINITE_RECURSION = YES;
				CLANG_WARN_INT_CONVERSION = YES;
				CLANG_WARN_NON_LITERAL_NULL_CONVERSION = YES;
				CLANG_WARN_OBJC_IMPLICIT_RETAIN_SELF = YES;
				CLANG_WARN_OBJC_LITERAL_CONVERSION = YES;
				CLANG_WARN_OBJC_ROOT_CLASS = YES_ERROR;
				CLANG_WARN_QUOTED_INCLUDE_IN_FRAMEWORK_HEADER = YES;
				CLANG_WARN_RANGE_LOOP_ANALYSIS = YES;
				CLANG_WARN_STRICT_PROTOTYPES = YES;
				CLANG_WARN_SUSPICIOUS_MOVE = YES;
				CLANG_WARN_UNGUARDED_AVAILABILITY = YES_AGGRESSIVE;
				CLANG_WARN_UNREACHABLE_CODE = YES;
				CLANG_WARN__DUPLICATE_METHOD_MATCH = YES;
				COPY_PHASE_STRIP = NO;
				DEBUG_INFORMATION_FORMAT = dwarf;
				ENABLE_STRICT_OBJC_MSGSEND = YES;
				ENABLE_TESTABILITY = YES;
				ENABLE_USER_SCRIPT_SANDBOXING = YES;
				GCC_C_LANGUAGE_STANDARD = gnu17;
				GCC_DYNAMIC_NO_PIC = NO;
				GCC_NO_COMMON_BLOCKS = YES;
				GCC_OPTIMIZATION_LEVEL = 0;
				GCC_PREPROCESSOR_DEFINITIONS = (
					"DEBUG=1",
					"$(inherited)",
				);
				GCC_WARN_64_TO_32_BIT_CONVERSION = YES;
				GCC_WARN_ABOUT_RETURN_TYPE = YES_ERROR;
				GCC_WARN_UNDECLARED_SELECTOR = YES;
				GCC_WARN_UNINITIALIZED_AUTOS = YES_AGGRESSIVE;
				GCC_WARN_UNUSED_FUNCTION = YES;
				GCC_WARN_UNUSED_VARIABLE = YES;
				IPHONEOS_DEPLOYMENT_TARGET = 17.4;
				LOCALIZATION_PREFERS_STRING_CATALOGS = YES;
				MTL_ENABLE_DEBUG_INFO = INCLUDE_SOURCE;
				MTL_FAST_MATH = YES;
				ONLY_ACTIVE_ARCH = YES;
				SDKROOT = iphoneos;
				SWIFT_ACTIVE_COMPILATION_CONDITIONS = "DEBUG $(inherited)";
				SWIFT_OPTIMIZATION_LEVEL = "-Onone";
			};
			name = Debug;
		};
		3F83BAC82BCF8C9A00A9DBD2 /* Release */ = {
			isa = XCBuildConfiguration;
			buildSettings = {
				ALWAYS_SEARCH_USER_PATHS = NO;
				ASSETCATALOG_COMPILER_GENERATE_SWIFT_ASSET_SYMBOL_EXTENSIONS = YES;
				CLANG_ANALYZER_NONNULL = YES;
				CLANG_ANALYZER_NUMBER_OBJECT_CONVERSION = YES_AGGRESSIVE;
				CLANG_CXX_LANGUAGE_STANDARD = "gnu++20";
				CLANG_ENABLE_MODULES = YES;
				CLANG_ENABLE_OBJC_ARC = YES;
				CLANG_ENABLE_OBJC_WEAK = YES;
				CLANG_WARN_BLOCK_CAPTURE_AUTORELEASING = YES;
				CLANG_WARN_BOOL_CONVERSION = YES;
				CLANG_WARN_COMMA = YES;
				CLANG_WARN_CONSTANT_CONVERSION = YES;
				CLANG_WARN_DEPRECATED_OBJC_IMPLEMENTATIONS = YES;
				CLANG_WARN_DIRECT_OBJC_ISA_USAGE = YES_ERROR;
				CLANG_WARN_DOCUMENTATION_COMMENTS = YES;
				CLANG_WARN_EMPTY_BODY = YES;
				CLANG_WARN_ENUM_CONVERSION = YES;
				CLANG_WARN_INFINITE_RECURSION = YES;
				CLANG_WARN_INT_CONVERSION = YES;
				CLANG_WARN_NON_LITERAL_NULL_CONVERSION = YES;
				CLANG_WARN_OBJC_IMPLICIT_RETAIN_SELF = YES;
				CLANG_WARN_OBJC_LITERAL_CONVERSION = YES;
				CLANG_WARN_OBJC_ROOT_CLASS = YES_ERROR;
				CLANG_WARN_QUOTED_INCLUDE_IN_FRAMEWORK_HEADER = YES;
				CLANG_WARN_RANGE_LOOP_ANALYSIS = YES;
				CLANG_WARN_STRICT_PROTOTYPES = YES;
				CLANG_WARN_SUSPICIOUS_MOVE = YES;
				CLANG_WARN_UNGUARDED_AVAILABILITY = YES_AGGRESSIVE;
				CLANG_WARN_UNREACHABLE_CODE = YES;
				CLANG_WARN__DUPLICATE_METHOD_MATCH = YES;
				COPY_PHASE_STRIP = NO;
				DEBUG_INFORMATION_FORMAT = "dwarf-with-dsym";
				ENABLE_NS_ASSERTIONS = NO;
				ENABLE_STRICT_OBJC_MSGSEND = YES;
				ENABLE_USER_SCRIPT_SANDBOXING = YES;
				GCC_C_LANGUAGE_STANDARD = gnu17;
				GCC_NO_COMMON_BLOCKS = YES;
				GCC_WARN_64_TO_32_BIT_CONVERSION = YES;
				GCC_WARN_ABOUT_RETURN_TYPE = YES_ERROR;
				GCC_WARN_UNDECLARED_SELECTOR = YES;
				GCC_WARN_UNINITIALIZED_AUTOS = YES_AGGRESSIVE;
				GCC_WARN_UNUSED_FUNCTION = YES;
				GCC_WARN_UNUSED_VARIABLE = YES;
				IPHONEOS_DEPLOYMENT_TARGET = 17.4;
				LOCALIZATION_PREFERS_STRING_CATALOGS = YES;
				MTL_ENABLE_DEBUG_INFO = NO;
				MTL_FAST_MATH = YES;
				SDKROOT = iphoneos;
				SWIFT_COMPILATION_MODE = wholemodule;
				VALIDATE_PRODUCT = YES;
			};
			name = Release;
		};
		3F83BACA2BCF8C9A00A9DBD2 /* Debug */ = {
			isa = XCBuildConfiguration;
			buildSettings = {
				ASSETCATALOG_COMPILER_APPICON_NAME = AppIcon;
				ASSETCATALOG_COMPILER_GLOBAL_ACCENT_COLOR_NAME = AccentColor;
				CODE_SIGN_STYLE = Automatic;
				CURRENT_PROJECT_VERSION = 1;
				GENERATE_INFOPLIST_FILE = YES;
				INFOPLIST_FILE = UConnect/Info.plist;
				INFOPLIST_KEY_UIApplicationSupportsIndirectInputEvents = YES;
				INFOPLIST_KEY_UILaunchStoryboardName = LaunchScreen;
				INFOPLIST_KEY_UIMainStoryboardFile = Main;
				INFOPLIST_KEY_UISupportedInterfaceOrientations_iPad = "UIInterfaceOrientationPortrait UIInterfaceOrientationPortraitUpsideDown UIInterfaceOrientationLandscapeLeft UIInterfaceOrientationLandscapeRight";
				INFOPLIST_KEY_UISupportedInterfaceOrientations_iPhone = "UIInterfaceOrientationPortrait UIInterfaceOrientationLandscapeLeft UIInterfaceOrientationLandscapeRight";
				LD_RUNPATH_SEARCH_PATHS = (
					"$(inherited)",
					"@executable_path/Frameworks",
				);
				MARKETING_VERSION = 1.0;
				PRODUCT_BUNDLE_IDENTIFIER = example.com.UConnect;
				PRODUCT_NAME = "$(TARGET_NAME)";
				SWIFT_EMIT_LOC_STRINGS = YES;
				SWIFT_VERSION = 5.0;
				TARGETED_DEVICE_FAMILY = "1,2";
			};
			name = Debug;
		};
		3F83BACB2BCF8C9A00A9DBD2 /* Release */ = {
			isa = XCBuildConfiguration;
			buildSettings = {
				ASSETCATALOG_COMPILER_APPICON_NAME = AppIcon;
				ASSETCATALOG_COMPILER_GLOBAL_ACCENT_COLOR_NAME = AccentColor;
				CODE_SIGN_STYLE = Automatic;
				CURRENT_PROJECT_VERSION = 1;
				GENERATE_INFOPLIST_FILE = YES;
				INFOPLIST_FILE = UConnect/Info.plist;
				INFOPLIST_KEY_UIApplicationSupportsIndirectInputEvents = YES;
				INFOPLIST_KEY_UILaunchStoryboardName = LaunchScreen;
				INFOPLIST_KEY_UIMainStoryboardFile = Main;
				INFOPLIST_KEY_UISupportedInterfaceOrientations_iPad = "UIInterfaceOrientationPortrait UIInterfaceOrientationPortraitUpsideDown UIInterfaceOrientationLandscapeLeft UIInterfaceOrientationLandscapeRight";
				INFOPLIST_KEY_UISupportedInterfaceOrientations_iPhone = "UIInterfaceOrientationPortrait UIInterfaceOrientationLandscapeLeft UIInterfaceOrientationLandscapeRight";
				LD_RUNPATH_SEARCH_PATHS = (
					"$(inherited)",
					"@executable_path/Frameworks",
				);
				MARKETING_VERSION = 1.0;
				PRODUCT_BUNDLE_IDENTIFIER = example.com.UConnect;
				PRODUCT_NAME = "$(TARGET_NAME)";
				SWIFT_EMIT_LOC_STRINGS = YES;
				SWIFT_VERSION = 5.0;
				TARGETED_DEVICE_FAMILY = "1,2";
			};
			name = Release;
		};
/* End XCBuildConfiguration section */

/* Begin XCConfigurationList section */
		3F83BAB02BCF8C9900A9DBD2 /* Build configuration list for PBXProject "UConnect" */ = {
			isa = XCConfigurationList;
			buildConfigurations = (
				3F83BAC72BCF8C9A00A9DBD2 /* Debug */,
				3F83BAC82BCF8C9A00A9DBD2 /* Release */,
			);
			defaultConfigurationIsVisible = 0;
			defaultConfigurationName = Release;
		};
		3F83BAC92BCF8C9A00A9DBD2 /* Build configuration list for PBXNativeTarget "UConnect" */ = {
			isa = XCConfigurationList;
			buildConfigurations = (
				3F83BACA2BCF8C9A00A9DBD2 /* Debug */,
				3F83BACB2BCF8C9A00A9DBD2 /* Release */,
			);
			defaultConfigurationIsVisible = 0;
			defaultConfigurationName = Release;
		};
/* End XCConfigurationList section */

/* Begin XCRemoteSwiftPackageReference section */
		3F139EB12BD8106400C064D7 /* XCRemoteSwiftPackageReference "firebase-ios-sdk" */ = {
			isa = XCRemoteSwiftPackageReference;
			repositoryURL = "https://github.com/firebase/firebase-ios-sdk.git";
			requirement = {
				kind = upToNextMajorVersion;
				minimumVersion = 10.24.0;
			};
		};
/* End XCRemoteSwiftPackageReference section */

/* Begin XCSwiftPackageProductDependency section */
		3F139EB22BD8106400C064D7 /* FirebaseAnalytics */ = {
			isa = XCSwiftPackageProductDependency;
			package = 3F139EB12BD8106400C064D7 /* XCRemoteSwiftPackageReference "firebase-ios-sdk" */;
			productName = FirebaseAnalytics;
		};
		3F139EB42BD8106400C064D7 /* FirebaseAnalyticsOnDeviceConversion */ = {
			isa = XCSwiftPackageProductDependency;
			package = 3F139EB12BD8106400C064D7 /* XCRemoteSwiftPackageReference "firebase-ios-sdk" */;
			productName = FirebaseAnalyticsOnDeviceConversion;
		};
		3F139EB62BD8106400C064D7 /* FirebaseAnalyticsSwift */ = {
			isa = XCSwiftPackageProductDependency;
			package = 3F139EB12BD8106400C064D7 /* XCRemoteSwiftPackageReference "firebase-ios-sdk" */;
			productName = FirebaseAnalyticsSwift;
		};
		3F139EB82BD8106400C064D7 /* FirebaseAnalyticsWithoutAdIdSupport */ = {
			isa = XCSwiftPackageProductDependency;
			package = 3F139EB12BD8106400C064D7 /* XCRemoteSwiftPackageReference "firebase-ios-sdk" */;
			productName = FirebaseAnalyticsWithoutAdIdSupport;
		};
		3F139EBA2BD8106400C064D7 /* FirebaseAppCheck */ = {
			isa = XCSwiftPackageProductDependency;
			package = 3F139EB12BD8106400C064D7 /* XCRemoteSwiftPackageReference "firebase-ios-sdk" */;
			productName = FirebaseAppCheck;
		};
		3F139EBC2BD8106400C064D7 /* FirebaseAppDistribution-Beta */ = {
			isa = XCSwiftPackageProductDependency;
			package = 3F139EB12BD8106400C064D7 /* XCRemoteSwiftPackageReference "firebase-ios-sdk" */;
			productName = "FirebaseAppDistribution-Beta";
		};
		3F139EBE2BD8106400C064D7 /* FirebaseAuth */ = {
			isa = XCSwiftPackageProductDependency;
			package = 3F139EB12BD8106400C064D7 /* XCRemoteSwiftPackageReference "firebase-ios-sdk" */;
			productName = FirebaseAuth;
		};
		3F139EC02BD8106400C064D7 /* FirebaseAuthCombine-Community */ = {
			isa = XCSwiftPackageProductDependency;
			package = 3F139EB12BD8106400C064D7 /* XCRemoteSwiftPackageReference "firebase-ios-sdk" */;
			productName = "FirebaseAuthCombine-Community";
		};
		3F139EC22BD8106400C064D7 /* FirebaseCrashlytics */ = {
			isa = XCSwiftPackageProductDependency;
			package = 3F139EB12BD8106400C064D7 /* XCRemoteSwiftPackageReference "firebase-ios-sdk" */;
			productName = FirebaseCrashlytics;
		};
		3F139EC42BD8106400C064D7 /* FirebaseDatabase */ = {
			isa = XCSwiftPackageProductDependency;
			package = 3F139EB12BD8106400C064D7 /* XCRemoteSwiftPackageReference "firebase-ios-sdk" */;
			productName = FirebaseDatabase;
		};
		3F139EC62BD8106400C064D7 /* FirebaseDatabaseSwift */ = {
			isa = XCSwiftPackageProductDependency;
			package = 3F139EB12BD8106400C064D7 /* XCRemoteSwiftPackageReference "firebase-ios-sdk" */;
			productName = FirebaseDatabaseSwift;
		};
		3F139EC82BD8106400C064D7 /* FirebaseDynamicLinks */ = {
			isa = XCSwiftPackageProductDependency;
			package = 3F139EB12BD8106400C064D7 /* XCRemoteSwiftPackageReference "firebase-ios-sdk" */;
			productName = FirebaseDynamicLinks;
		};
		3F139ECA2BD8106400C064D7 /* FirebaseFirestore */ = {
			isa = XCSwiftPackageProductDependency;
			package = 3F139EB12BD8106400C064D7 /* XCRemoteSwiftPackageReference "firebase-ios-sdk" */;
			productName = FirebaseFirestore;
		};
		3F139ECC2BD8106400C064D7 /* FirebaseFirestoreCombine-Community */ = {
			isa = XCSwiftPackageProductDependency;
			package = 3F139EB12BD8106400C064D7 /* XCRemoteSwiftPackageReference "firebase-ios-sdk" */;
			productName = "FirebaseFirestoreCombine-Community";
		};
		3F139ECE2BD8106400C064D7 /* FirebaseFirestoreSwift */ = {
			isa = XCSwiftPackageProductDependency;
			package = 3F139EB12BD8106400C064D7 /* XCRemoteSwiftPackageReference "firebase-ios-sdk" */;
			productName = FirebaseFirestoreSwift;
		};
		3F139ED02BD8106400C064D7 /* FirebaseFunctions */ = {
			isa = XCSwiftPackageProductDependency;
			package = 3F139EB12BD8106400C064D7 /* XCRemoteSwiftPackageReference "firebase-ios-sdk" */;
			productName = FirebaseFunctions;
		};
		3F139ED22BD8106400C064D7 /* FirebaseFunctionsCombine-Community */ = {
			isa = XCSwiftPackageProductDependency;
			package = 3F139EB12BD8106400C064D7 /* XCRemoteSwiftPackageReference "firebase-ios-sdk" */;
			productName = "FirebaseFunctionsCombine-Community";
		};
		3F139ED42BD8106400C064D7 /* FirebaseInAppMessaging-Beta */ = {
			isa = XCSwiftPackageProductDependency;
			package = 3F139EB12BD8106400C064D7 /* XCRemoteSwiftPackageReference "firebase-ios-sdk" */;
			productName = "FirebaseInAppMessaging-Beta";
		};
		3F139ED62BD8106400C064D7 /* FirebaseInAppMessagingSwift-Beta */ = {
			isa = XCSwiftPackageProductDependency;
			package = 3F139EB12BD8106400C064D7 /* XCRemoteSwiftPackageReference "firebase-ios-sdk" */;
			productName = "FirebaseInAppMessagingSwift-Beta";
		};
		3F139ED82BD8106400C064D7 /* FirebaseInstallations */ = {
			isa = XCSwiftPackageProductDependency;
			package = 3F139EB12BD8106400C064D7 /* XCRemoteSwiftPackageReference "firebase-ios-sdk" */;
			productName = FirebaseInstallations;
		};
		3F139EDA2BD8106400C064D7 /* FirebaseMLModelDownloader */ = {
			isa = XCSwiftPackageProductDependency;
			package = 3F139EB12BD8106400C064D7 /* XCRemoteSwiftPackageReference "firebase-ios-sdk" */;
			productName = FirebaseMLModelDownloader;
		};
		3F139EDC2BD8106400C064D7 /* FirebaseMessaging */ = {
			isa = XCSwiftPackageProductDependency;
			package = 3F139EB12BD8106400C064D7 /* XCRemoteSwiftPackageReference "firebase-ios-sdk" */;
			productName = FirebaseMessaging;
		};
		3F139EDE2BD8106400C064D7 /* FirebasePerformance */ = {
			isa = XCSwiftPackageProductDependency;
			package = 3F139EB12BD8106400C064D7 /* XCRemoteSwiftPackageReference "firebase-ios-sdk" */;
			productName = FirebasePerformance;
		};
		3F139EE02BD8106400C064D7 /* FirebaseRemoteConfig */ = {
			isa = XCSwiftPackageProductDependency;
			package = 3F139EB12BD8106400C064D7 /* XCRemoteSwiftPackageReference "firebase-ios-sdk" */;
			productName = FirebaseRemoteConfig;
		};
		3F139EE22BD8106400C064D7 /* FirebaseRemoteConfigSwift */ = {
			isa = XCSwiftPackageProductDependency;
			package = 3F139EB12BD8106400C064D7 /* XCRemoteSwiftPackageReference "firebase-ios-sdk" */;
			productName = FirebaseRemoteConfigSwift;
		};
		3F139EE42BD8106400C064D7 /* FirebaseStorage */ = {
			isa = XCSwiftPackageProductDependency;
			package = 3F139EB12BD8106400C064D7 /* XCRemoteSwiftPackageReference "firebase-ios-sdk" */;
			productName = FirebaseStorage;
		};
		3F139EE62BD8106400C064D7 /* FirebaseStorageCombine-Community */ = {
			isa = XCSwiftPackageProductDependency;
			package = 3F139EB12BD8106400C064D7 /* XCRemoteSwiftPackageReference "firebase-ios-sdk" */;
			productName = "FirebaseStorageCombine-Community";
		};
/* End XCSwiftPackageProductDependency section */
	};
	rootObject = 3F83BAAD2BCF8C9900A9DBD2 /* Project object */;
}
